{
  "requires": true,
  "lockfileVersion": 1,
  "dependencies": {
    "miniget": {
      "version": "4.2.1",
      "resolved": "https://registry.npmjs.org/miniget/-/miniget-4.2.1.tgz",
      "integrity": "sha512-O/DduzDR6f+oDtVype9S/Qu5hhnx73EDYGyZKwU/qN82lehFZdfhoa4DT51SpsO+8epYrB3gcRmws56ROfTIoQ=="
    },
    "ytsr": {
      "version": "3.5.3",
      "resolved": "https://registry.npmjs.org/ytsr/-/ytsr-3.5.3.tgz",
      "integrity": "sha512-BEyIKbQULmk27hiVUQ1cBszAqP8roPBOQTWPZpBioKxjSZBeicfgF2qPIQoY7koodQwRuo1DmCFz3DyrXjADxg==",
      "requires": {
        "miniget": "^4.2.1"
      }
    }
  }
}
